{
  "name": "newtons-apple",
  "version": "0.3.0",
  "lockfileVersion": 1,
  "requires": true,
  "dependencies": {
    "commander": {
      "version": "2.13.0",
      "resolved": "https://registry.npmjs.org/commander/-/commander-2.13.0.tgz",
      "integrity": "sha1-aWS8pnaF33wfFDDFhPB9dZeIW5w="
    },
    "configstore": {
      "version": "3.1.1",
      "resolved": "https://registry.npmjs.org/configstore/-/configstore-3.1.1.tgz",
      "integrity": "sha1-CU7mYquD+tmRdnjeEU+q6o/NypA=",
      "requires": {
        "dot-prop": "4.2.0",
        "graceful-fs": "4.1.11",
        "make-dir": "1.1.0",
        "unique-string": "1.0.0",
        "write-file-atomic": "2.3.0",
        "xdg-basedir": "3.0.0"
      },
      "dependencies": {
        "dot-prop": {
          "version": "4.2.0",
          "resolved": "https://registry.npmjs.org/dot-prop/-/dot-prop-4.2.0.tgz",
          "integrity": "sha1-HxngwuGqDjJ5fEl5nyg3rGr2nFc=",
          "requires": {
            "is-obj": "1.0.1"
          },
          "dependencies": {
            "is-obj": {
              "version": "1.0.1",
              "resolved": "https://registry.npmjs.org/is-obj/-/is-obj-1.0.1.tgz",
              "integrity": "sha1-PkcprB9f3gJc19g6iW2rn09n2w8="
            }
          }
        },
        "graceful-fs": {
          "version": "4.1.11",
          "resolved": "https://registry.npmjs.org/graceful-fs/-/graceful-fs-4.1.11.tgz",
          "integrity": "sha1-Dovf5NHduIVNZOBOp8AOKgJuVlg="
        },
        "make-dir": {
          "version": "1.1.0",
          "resolved": "https://registry.npmjs.org/make-dir/-/make-dir-1.1.0.tgz",
          "integrity": "sha1-GbQ2n+SMEW9Twq+VrRAsDjnoXVE=",
          "requires": {
            "pify": "3.0.0"
          },
          "dependencies": {
            "pify": {
              "version": "3.0.0",
              "resolved": "https://registry.npmjs.org/pify/-/pify-3.0.0.tgz",
              "integrity": "sha1-5aSs0sEB/fPZpNB/DbxNtJ3SgXY="
            }
          }
        },
        "unique-string": {
          "version": "1.0.0",
          "resolved": "https://registry.npmjs.org/unique-string/-/unique-string-1.0.0.tgz",
          "integrity": "sha1-nhBXzKhRq7kzmPizOuGHuZyuwRo=",
          "requires": {
            "crypto-random-string": "1.0.0"
          },
          "dependencies": {
            "crypto-random-string": {
              "version": "1.0.0",
              "resolved": "https://registry.npmjs.org/crypto-random-string/-/crypto-random-string-1.0.0.tgz",
              "integrity": "sha1-ojD2T1aDEOFJgAmUB5DsmVRbyn4="
            }
          }
        },
        "write-file-atomic": {
          "version": "2.3.0",
          "resolved": "https://registry.npmjs.org/write-file-atomic/-/write-file-atomic-2.3.0.tgz",
          "integrity": "sha1-H/YVdcLipOjlENb6TiQ8zhg5mas=",
          "requires": {
            "graceful-fs": "4.1.11",
            "imurmurhash": "0.1.4",
            "signal-exit": "3.0.2"
          },
          "dependencies": {
            "imurmurhash": {
              "version": "0.1.4",
              "resolved": "https://registry.npmjs.org/imurmurhash/-/imurmurhash-0.1.4.tgz",
              "integrity": "sha1-khi5srkoojixPcT7a21XbyMUU+o="
            },
            "signal-exit": {
              "version": "3.0.2",
              "resolved": "https://registry.npmjs.org/signal-exit/-/signal-exit-3.0.2.tgz",
              "integrity": "sha1-tf3AjxKH6hF4Yo5BXiUTK3NkbG0="
            }
          }
        },
        "xdg-basedir": {
          "version": "3.0.0",
          "resolved": "https://registry.npmjs.org/xdg-basedir/-/xdg-basedir-3.0.0.tgz",
          "integrity": "sha1-SWsswQnsqNus/i3HK2A8F8WHCtQ="
        }
      }
    },
    "fs-extra": {
      "version": "5.0.0",
      "resolved": "https://registry.npmjs.org/fs-extra/-/fs-extra-5.0.0.tgz",
      "integrity": "sha512-66Pm4RYbjzdyeuqudYqhFiNBbCIuI9kgRqLPSHIlXHidW8NIQtVdkM1yeZ4lXwuhbTETv3EUGMNHAAw6hiundQ==",
      "requires": {
        "graceful-fs": "4.1.11",
        "jsonfile": "4.0.0",
        "universalify": "0.1.1"
      }
    },
    "graceful-fs": {
      "version": "4.1.11",
      "resolved": "https://registry.npmjs.org/graceful-fs/-/graceful-fs-4.1.11.tgz",
      "integrity": "sha1-Dovf5NHduIVNZOBOp8AOKgJuVlg="
    },
    "inquirer": {
      "version": "3.3.0",
      "resolved": "https://registry.npmjs.org/inquirer/-/inquirer-3.3.0.tgz",
      "integrity": "sha1-ndLyrXZdyrH/BEO0kUQqILoifck=",
      "requires": {
        "ansi-escapes": "3.0.0",
        "chalk": "2.3.0",
        "cli-cursor": "2.1.0",
        "cli-width": "2.2.0",
        "external-editor": "2.1.0",
        "figures": "2.0.0",
        "lodash": "4.17.4",
        "mute-stream": "0.0.7",
        "run-async": "2.3.0",
        "rx-lite": "4.0.8",
        "rx-lite-aggregates": "4.0.8",
        "string-width": "2.1.1",
        "strip-ansi": "4.0.0",
        "through": "2.3.8"
      },
      "dependencies": {
        "ansi-escapes": {
          "version": "3.0.0",
          "resolved": "https://registry.npmjs.org/ansi-escapes/-/ansi-escapes-3.0.0.tgz",
          "integrity": "sha1-7D6LTp+AZPwCw6ybZfHCdb2o75I="
        },
        "chalk": {
          "version": "2.3.0",
          "resolved": "https://registry.npmjs.org/chalk/-/chalk-2.3.0.tgz",
          "integrity": "sha1-tepI78nBeT3MybR2fJORTT8tUro=",
          "requires": {
            "ansi-styles": "3.2.0",
            "escape-string-regexp": "1.0.5",
            "supports-color": "4.5.0"
          },
          "dependencies": {
            "ansi-styles": {
              "version": "3.2.0",
              "resolved": "https://registry.npmjs.org/ansi-styles/-/ansi-styles-3.2.0.tgz",
              "integrity": "sha1-wVm41b4PnlpvNG2rlPFs4CIWG4g=",
              "requires": {
                "color-convert": "1.9.1"
              },
              "dependencies": {
                "color-convert": {
                  "version": "1.9.1",
                  "resolved": "https://registry.npmjs.org/color-convert/-/color-convert-1.9.1.tgz",
                  "integrity": "sha1-wSYRB66y8pTr/+ye2eytUppgl+0=",
                  "requires": {
                    "color-name": "1.1.3"
                  },
                  "dependencies": {
                    "color-name": {
                      "version": "1.1.3",
                      "resolved": "https://registry.npmjs.org/color-name/-/color-name-1.1.3.tgz",
                      "integrity": "sha1-p9BVi9icQveV3UIyj3QIMcpTvCU="
                    }
                  }
                }
              }
            },
            "escape-string-regexp": {
              "version": "1.0.5",
              "resolved": "https://registry.npmjs.org/escape-string-regexp/-/escape-string-regexp-1.0.5.tgz",
              "integrity": "sha1-G2HAViGQqN/2rjuyzwIAyhMLhtQ="
            },
            "supports-color": {
              "version": "4.5.0",
              "resolved": "https://registry.npmjs.org/supports-color/-/supports-color-4.5.0.tgz",
              "integrity": "sha1-vnoN5ITexcXN34s9WRJQRJEvY1s=",
              "requires": {
                "has-flag": "2.0.0"
              },
              "dependencies": {
                "has-flag": {
                  "version": "2.0.0",
                  "resolved": "https://registry.npmjs.org/has-flag/-/has-flag-2.0.0.tgz",
                  "integrity": "sha1-6CB68cx7MNRGzHC3NLXovhj4jVE="
                }
              }
            }
          }
        },
        "cli-cursor": {
          "version": "2.1.0",
          "resolved": "https://registry.npmjs.org/cli-cursor/-/cli-cursor-2.1.0.tgz",
          "integrity": "sha1-s12sN2R5+sw+lHR9QdDQ9SOP/LU=",
          "requires": {
            "restore-cursor": "2.0.0"
          },
          "dependencies": {
            "restore-cursor": {
              "version": "2.0.0",
              "resolved": "https://registry.npmjs.org/restore-cursor/-/restore-cursor-2.0.0.tgz",
              "integrity": "sha1-n37ih/gv0ybU/RYpI9YhKe7g368=",
              "requires": {
                "onetime": "2.0.1",
                "signal-exit": "3.0.2"
              },
              "dependencies": {
                "onetime": {
                  "version": "2.0.1",
                  "resolved": "https://registry.npmjs.org/onetime/-/onetime-2.0.1.tgz",
                  "integrity": "sha1-BnQoIw/WdEOyeUsiu6UotoZ5YtQ=",
                  "requires": {
                    "mimic-fn": "1.1.0"
                  },
                  "dependencies": {
                    "mimic-fn": {
                      "version": "1.1.0",
                      "resolved": "https://registry.npmjs.org/mimic-fn/-/mimic-fn-1.1.0.tgz",
                      "integrity": "sha1-5md4PZLonb00KBi1IwudYqZyrRg="
                    }
                  }
                },
                "signal-exit": {
                  "version": "3.0.2",
                  "resolved": "https://registry.npmjs.org/signal-exit/-/signal-exit-3.0.2.tgz",
                  "integrity": "sha1-tf3AjxKH6hF4Yo5BXiUTK3NkbG0="
                }
              }
            }
          }
        },
        "cli-width": {
          "version": "2.2.0",
          "resolved": "https://registry.npmjs.org/cli-width/-/cli-width-2.2.0.tgz",
          "integrity": "sha1-/xnt6Kml5XkyQUewwR8PvLq+1jk="
        },
        "external-editor": {
          "version": "2.1.0",
          "resolved": "https://registry.npmjs.org/external-editor/-/external-editor-2.1.0.tgz",
          "integrity": "sha1-PQJqIbf5W1cmOH1CAKwWDTcsO0g=",
          "requires": {
            "chardet": "0.4.2",
            "iconv-lite": "0.4.19",
            "tmp": "0.0.33"
          },
          "dependencies": {
            "chardet": {
              "version": "0.4.2",
              "resolved": "https://registry.npmjs.org/chardet/-/chardet-0.4.2.tgz",
              "integrity": "sha1-tUc7M9yXxCTl2Y3IfVXU2KKci/I="
            },
            "iconv-lite": {
              "version": "0.4.19",
              "resolved": "https://registry.npmjs.org/iconv-lite/-/iconv-lite-0.4.19.tgz",
              "integrity": "sha1-90aPYBNfXl2tM5nAqBvpoWA6CCs="
            },
            "tmp": {
              "version": "0.0.33",
              "resolved": "https://registry.npmjs.org/tmp/-/tmp-0.0.33.tgz",
              "integrity": "sha1-bTQzWIl2jSGyvNoKonfO07G/rfk=",
              "requires": {
                "os-tmpdir": "1.0.2"
              },
              "dependencies": {
                "os-tmpdir": {
                  "version": "1.0.2",
                  "resolved": "https://registry.npmjs.org/os-tmpdir/-/os-tmpdir-1.0.2.tgz",
                  "integrity": "sha1-u+Z0BseaqFxc/sdm/lc0VV36EnQ="
                }
              }
            }
          }
        },
        "figures": {
          "version": "2.0.0",
          "resolved": "https://registry.npmjs.org/figures/-/figures-2.0.0.tgz",
          "integrity": "sha1-OrGi0qYsi/tDGgyUy3l6L84nyWI=",
          "requires": {
            "escape-string-regexp": "1.0.5"
          },
          "dependencies": {
            "escape-string-regexp": {
              "version": "1.0.5",
              "resolved": "https://registry.npmjs.org/escape-string-regexp/-/escape-string-regexp-1.0.5.tgz",
              "integrity": "sha1-G2HAViGQqN/2rjuyzwIAyhMLhtQ="
            }
          }
        },
        "lodash": {
          "version": "4.17.4",
          "resolved": "https://registry.npmjs.org/lodash/-/lodash-4.17.4.tgz",
          "integrity": "sha1-eCA6TRwyiuHYbcpkYONptX9AVa4="
        },
        "mute-stream": {
          "version": "0.0.7",
          "resolved": "https://registry.npmjs.org/mute-stream/-/mute-stream-0.0.7.tgz",
          "integrity": "sha1-MHXOk7whuPq0PhvE2n6BFe0ee6s="
        },
        "run-async": {
          "version": "2.3.0",
          "resolved": "https://registry.npmjs.org/run-async/-/run-async-2.3.0.tgz",
          "integrity": "sha1-A3GrSuC91yDUFm19/aZP96RFpsA=",
          "requires": {
            "is-promise": "2.1.0"
          },
          "dependencies": {
            "is-promise": {
              "version": "2.1.0",
              "resolved": "https://registry.npmjs.org/is-promise/-/is-promise-2.1.0.tgz",
              "integrity": "sha1-eaKp7OfwlugPNtKy87wWwf9L8/o="
            }
          }
        },
        "rx-lite": {
          "version": "4.0.8",
          "resolved": "https://registry.npmjs.org/rx-lite/-/rx-lite-4.0.8.tgz",
          "integrity": "sha1-Cx4Rr4vESDbwSmQH6S2kJGe3lEQ="
        },
        "rx-lite-aggregates": {
          "version": "4.0.8",
          "resolved": "https://registry.npmjs.org/rx-lite-aggregates/-/rx-lite-aggregates-4.0.8.tgz",
          "integrity": "sha1-dTuHqJoRyVRnxKwWJsTvxOBcZ74=",
          "requires": {
            "rx-lite": "4.0.8"
          }
        },
        "string-width": {
          "version": "2.1.1",
          "resolved": "https://registry.npmjs.org/string-width/-/string-width-2.1.1.tgz",
          "integrity": "sha1-q5Pyeo3BPSjKyBXEYhQ6bZASrp4=",
          "requires": {
            "is-fullwidth-code-point": "2.0.0",
            "strip-ansi": "4.0.0"
          },
          "dependencies": {
            "is-fullwidth-code-point": {
              "version": "2.0.0",
              "resolved": "https://registry.npmjs.org/is-fullwidth-code-point/-/is-fullwidth-code-point-2.0.0.tgz",
              "integrity": "sha1-o7MKXE8ZkYMWeqq5O+764937ZU8="
            }
          }
        },
        "strip-ansi": {
          "version": "4.0.0",
          "resolved": "https://registry.npmjs.org/strip-ansi/-/strip-ansi-4.0.0.tgz",
          "integrity": "sha1-qEeQIusaw2iocTibY1JixQXuNo8=",
          "requires": {
            "ansi-regex": "3.0.0"
          },
          "dependencies": {
            "ansi-regex": {
              "version": "3.0.0",
              "resolved": "https://registry.npmjs.org/ansi-regex/-/ansi-regex-3.0.0.tgz",
              "integrity": "sha1-7QMXwyIGT3lGbAKWa922Bas32Zg="
            }
          }
        },
        "through": {
          "version": "2.3.8",
          "resolved": "https://registry.npmjs.org/through/-/through-2.3.8.tgz",
          "integrity": "sha1-DdTJ/6q8NXlgsbckEV1+Doai4fU="
        }
      }
    },
    "jsonfile": {
      "version": "4.0.0",
      "resolved": "https://registry.npmjs.org/jsonfile/-/jsonfile-4.0.0.tgz",
      "integrity": "sha1-h3Gq4HmbZAdrdmQPygWPnBDjPss=",
      "requires": {
        "graceful-fs": "4.1.11"
      }
    },
    "universalify": {
      "version": "0.1.1",
      "resolved": "https://registry.npmjs.org/universalify/-/universalify-0.1.1.tgz",
      "integrity": "sha1-+nG63UQ3r0wUiEHjs7Fl+enlkLc="
    }
  }
}
